
Microsoft Visual Studio Solution File, Format Version 12.00
# Visual Studio Version 16
VisualStudioVersion = 16.0.31313.79
MinimumVisualStudioVersion = 10.0.40219.1
Project("{FAE04EC0-301F-11D3-BF4B-00C04F79EFBC}") = "BlazorControlsSandbox", "BlazorControlsSandbox\BlazorControlsSandbox.csproj", "{6DA17A2E-A276-4907-98B7-3021CC2B6329}"
EndProject
Global
	GlobalSection(SolutionConfigurationPlatforms) = preSolution
		Debug|Any CPU = Debug|Any CPU
		Release|Any CPU = Release|Any CPU
	EndGlobalSection
	GlobalSection(ProjectConfigurationPlatforms) = postSolution
		{6DA17A2E-A276-4907-98B7-3021CC2B6329}.Debug|Any CPU.ActiveCfg = Debug|Any CPU
		{6DA17A2E-A276-4907-98B7-3021CC2B6329}.Debug|Any CPU.Build.0 = Debug|Any CPU
		{6DA17A2E-A276-4907-98B7-3021CC2B6329}.Release|Any CPU.ActiveCfg = Release|Any CPU
		{6DA17A2E-A276-4907-98B7-3021CC2B6329}.Release|Any CPU.Build.0 = Release|Any CPU
	EndGlobalSection
	GlobalSection(SolutionProperties) = preSolution
		HideSolutionNode = FALSE
	EndGlobalSection
	GlobalSection(ExtensibilityGlobals) = postSolution
		SolutionGuid = {26EE459B-7325-43F5-8CBE-AB490DB019E9}
	EndGlobalSection
EndGlobal
